
Microsoft Visual Studio Solution File, Format Version 12.00
# Visual Studio Version 16
VisualStudioVersion = 16.0.810.14
MinimumVisualStudioVersion = 10.0.40219.1
Project("{FAE04EC0-301F-11D3-BF4B-00C04F79EFBC}") = "Bank_Atm", "Bank_Atm\Bank_Atm.csproj", "{DF181A8B-0A53-4409-81B5-84FD3813E2CB}"
EndProject
Global
	GlobalSection(SolutionConfigurationPlatforms) = preSolution
		Debug|Any CPU = Debug|Any CPU
		Release|Any CPU = Release|Any CPU
	EndGlobalSection
	GlobalSection(ProjectConfigurationPlatforms) = postSolution
		{DF181A8B-0A53-4409-81B5-84FD3813E2CB}.Debug|Any CPU.ActiveCfg = Debug|Any CPU
		{DF181A8B-0A53-4409-81B5-84FD3813E2CB}.Debug|Any CPU.Build.0 = Debug|Any CPU
		{DF181A8B-0A53-4409-81B5-84FD3813E2CB}.Release|Any CPU.ActiveCfg = Release|Any CPU
		{DF181A8B-0A53-4409-81B5-84FD3813E2CB}.Release|Any CPU.Build.0 = Release|Any CPU
	EndGlobalSection
	GlobalSection(SolutionProperties) = preSolution
		HideSolutionNode = FALSE
	EndGlobalSection
	GlobalSection(ExtensibilityGlobals) = postSolution
		SolutionGuid = {05DFA8FE-9D4C-41FE-8997-8F5514AB265C}
	EndGlobalSection
EndGlobal
